
Microsoft Visual Studio Solution File, Format Version 12.00
# Visual Studio Version 16
VisualStudioVersion = 16.0.31205.134
MinimumVisualStudioVersion = 10.0.40219.1
Project("{FAE04EC0-301F-11D3-BF4B-00C04F79EFBC}") = "TDDPractice.Core", "TDDPractice\TDDPractice.Core.csproj", "{CF07C9C6-A3A1-4E3C-A90C-6111FBD3EE78}"
EndProject
Project("{FAE04EC0-301F-11D3-BF4B-00C04F79EFBC}") = "TDDPractice.Test", "TDDPractice.Test\TDDPractice.Test.csproj", "{3059F0A5-6EFE-4F71-94A6-47C1206F06D6}"
EndProject
Global
	GlobalSection(SolutionConfigurationPlatforms) = preSolution
		Debug|Any CPU = Debug|Any CPU
		Release|Any CPU = Release|Any CPU
	EndGlobalSection
	GlobalSection(ProjectConfigurationPlatforms) = postSolution
		{CF07C9C6-A3A1-4E3C-A90C-6111FBD3EE78}.Debug|Any CPU.ActiveCfg = Debug|Any CPU
		{CF07C9C6-A3A1-4E3C-A90C-6111FBD3EE78}.Debug|Any CPU.Build.0 = Debug|Any CPU
		{CF07C9C6-A3A1-4E3C-A90C-6111FBD3EE78}.Release|Any CPU.ActiveCfg = Release|Any CPU
		{CF07C9C6-A3A1-4E3C-A90C-6111FBD3EE78}.Release|Any CPU.Build.0 = Release|Any CPU
		{3059F0A5-6EFE-4F71-94A6-47C1206F06D6}.Debug|Any CPU.ActiveCfg = Debug|Any CPU
		{3059F0A5-6EFE-4F71-94A6-47C1206F06D6}.Debug|Any CPU.Build.0 = Debug|Any CPU
		{3059F0A5-6EFE-4F71-94A6-47C1206F06D6}.Release|Any CPU.ActiveCfg = Release|Any CPU
		{3059F0A5-6EFE-4F71-94A6-47C1206F06D6}.Release|Any CPU.Build.0 = Release|Any CPU
	EndGlobalSection
	GlobalSection(SolutionProperties) = preSolution
		HideSolutionNode = FALSE
	EndGlobalSection
	GlobalSection(ExtensibilityGlobals) = postSolution
		SolutionGuid = {49C0DC06-498C-4199-8E8A-453C7BB0F58A}
	EndGlobalSection
EndGlobal
